<?xml version="1.0" encoding="utf-8"?>
<Project ToolsVersion="4.0" xmlns="http://schemas.microsoft.com/developer/msbuild/2003">
  <ItemGroup>
    <Filter Include="Resource Files">
      <UniqueIdentifier>{67DA6AB6-F800-4c08-8B7A-83BB121AAD01}</UniqueIdentifier>
      <Extensions>rc;ico;cur;bmp;dlg;rc2;rct;bin;rgs;gif;jpg;jpeg;jpe;resx;tiff;tif;png;wav;mfcribbon-ms</Extensions>
    </Filter>
    <Filter Include="Utility">
      <UniqueIdentifier>{bb97f108-8e23-445d-a5e0-b22643c30797}</UniqueIdentifier>
    </Filter>
  </ItemGroup>
  <ItemGroup>
    <ClInclude Include="..\test\Utility\WTConvertUnit.test.h">
      <Filter>Utility</Filter>
    </ClInclude>
    <ClInclude Include="..\test\WTTestHeader.h" />
    <ClInclude Include="..\test\WTUtilityTestFunctions.h" />
  </ItemGroup>
  <ItemGroup>
    <ClCompile Include="..\test\Utility\WTConvertUnit.test.cpp">
      <Filter>Utility</Filter>
    </ClCompile>
    <ClCompile Include="..\test\WTRunTests.cpp" />
    <ClCompile Include="..\test\WTUtilityTestFunctions.cpp" />
  </ItemGroup>
</Project>